
Microsoft Visual Studio Solution File, Format Version 12.00
# Visual Studio Version 17
VisualStudioVersion = 17.7.34003.232
MinimumVisualStudioVersion = 10.0.40219.1
Project("{FAE04EC0-301F-11D3-BF4B-00C04F79EFBC}") = "ClinicaCDI", "ClinicaCDI\ClinicaCDI.csproj", "{C811D472-F170-4EE3-9679-B34E8F1E8AD7}"
EndProject
Global
	GlobalSection(SolutionConfigurationPlatforms) = preSolution
		Debug|Any CPU = Debug|Any CPU
		Release|Any CPU = Release|Any CPU
	EndGlobalSection
	GlobalSection(ProjectConfigurationPlatforms) = postSolution
		{C811D472-F170-4EE3-9679-B34E8F1E8AD7}.Debug|Any CPU.ActiveCfg = Debug|Any CPU
		{C811D472-F170-4EE3-9679-B34E8F1E8AD7}.Debug|Any CPU.Build.0 = Debug|Any CPU
		{C811D472-F170-4EE3-9679-B34E8F1E8AD7}.Release|Any CPU.ActiveCfg = Release|Any CPU
		{C811D472-F170-4EE3-9679-B34E8F1E8AD7}.Release|Any CPU.Build.0 = Release|Any CPU
	EndGlobalSection
	GlobalSection(SolutionProperties) = preSolution
		HideSolutionNode = FALSE
	EndGlobalSection
	GlobalSection(ExtensibilityGlobals) = postSolution
		SolutionGuid = {6579F562-CBA4-4F6B-A743-E41A7BE607FE}
	EndGlobalSection
EndGlobal
